
Microsoft Visual Studio Solution File, Format Version 12.00
Project("{FAE04EC0-301F-11D3-BF4B-00C04F79EFBC}") = "VoxelsCoreSharp", "VoxelsCoreSharp.csproj", "{CF9BF72D-FA08-43C8-BAED-5C2020F16769}"
EndProject
Global
	GlobalSection(SolutionConfigurationPlatforms) = preSolution
		Debug|Any CPU = Debug|Any CPU
		Release|Any CPU = Release|Any CPU
	EndGlobalSection
	GlobalSection(ProjectConfigurationPlatforms) = postSolution
		{CF9BF72D-FA08-43C8-BAED-5C2020F16769}.Debug|Any CPU.ActiveCfg = Debug|Any CPU
		{CF9BF72D-FA08-43C8-BAED-5C2020F16769}.Debug|Any CPU.Build.0 = Debug|Any CPU
		{CF9BF72D-FA08-43C8-BAED-5C2020F16769}.Release|Any CPU.ActiveCfg = Release|Any CPU
		{CF9BF72D-FA08-43C8-BAED-5C2020F16769}.Release|Any CPU.Build.0 = Release|Any CPU
	EndGlobalSection
EndGlobal
